Microsoft Visual Studio Solution File, Format Version 12.00
# Visual Studio Version 17
VisualStudioVersion = 17.5.2.0
MinimumVisualStudioVersion = 10.0.40219.1
Project("{FAE04EC0-301F-11D3-BF4B-00C04F79EFBC}") = "DocMailer", "DocMailer.csproj", "{6DCB2D34-97D6-B08D-8AA0-CED0C9A3C576}"
EndProject
Global
	GlobalSection(SolutionConfigurationPlatforms) = preSolution
		Debug|Any CPU = Debug|Any CPU
		Release|Any CPU = Release|Any CPU
	EndGlobalSection
	GlobalSection(ProjectConfigurationPlatforms) = postSolution
		{6DCB2D34-97D6-B08D-8AA0-CED0C9A3C576}.Debug|Any CPU.ActiveCfg = Debug|Any CPU
		{6DCB2D34-97D6-B08D-8AA0-CED0C9A3C576}.Debug|Any CPU.Build.0 = Debug|Any CPU
		{6DCB2D34-97D6-B08D-8AA0-CED0C9A3C576}.Release|Any CPU.ActiveCfg = Release|Any CPU
		{6DCB2D34-97D6-B08D-8AA0-CED0C9A3C576}.Release|Any CPU.Build.0 = Release|Any CPU
	EndGlobalSection
	GlobalSection(SolutionProperties) = preSolution
		HideSolutionNode = FALSE
	EndGlobalSection
	GlobalSection(ExtensibilityGlobals) = postSolution
		SolutionGuid = {00B01ADC-6521-4976-BF9C-B34B7B6040B4}
	EndGlobalSection
EndGlobal
